// !$*UTF8*$!
{
	archiveVersion = 1;
	classes = {
	};
	objectVersion = 46;
	objects = {

/* Begin PBXBuildFile section */
		6F567BDD1DA297AD009AA6ED /* SKStyleKit.framework in Frameworks */ = {isa = PBXBuildFile; fileRef = 6F567BDA1DA297A4009AA6ED /* SKStyleKit.framework */; };
		6F567BDE1DA297AD009AA6ED /* SKStyleKit.framework in Embed Frameworks */ = {isa = PBXBuildFile; fileRef = 6F567BDA1DA297A4009AA6ED /* SKStyleKit.framework */; settings = {ATTRIBUTES = (CodeSignOnCopy, RemoveHeadersOnCopy, ); }; };
		87338F941D9FC6E700D06BF7 /* style.json in Resources */ = {isa = PBXBuildFile; fileRef = 87338F931D9FC6E700D06BF7 /* style.json */; };
		87A501F01D9FA48F007CA1EC /* AppDelegate.swift in Sources */ = {isa = PBXBuildFile; fileRef = 87A501EF1D9FA48F007CA1EC /* AppDelegate.swift */; };
		87A501F21D9FA48F007CA1EC /* ViewController.swift in Sources */ = {isa = PBXBuildFile; fileRef = 87A501F11D9FA48F007CA1EC /* ViewController.swift */; };
		87A501F51D9FA48F007CA1EC /* Main.storyboard in Resources */ = {isa = PBXBuildFile; fileRef = 87A501F31D9FA48F007CA1EC /* Main.storyboard */; };
		87A501F71D9FA48F007CA1EC /* Assets.xcassets in Resources */ = {isa = PBXBuildFile; fileRef = 87A501F61D9FA48F007CA1EC /* Assets.xcassets */; };
		87A501FA1D9FA48F007CA1EC /* LaunchScreen.storyboard in Resources */ = {isa = PBXBuildFile; fileRef = 87A501F81D9FA48F007CA1EC /* LaunchScreen.storyboard */; };
/* End PBXBuildFile section */

/* Begin PBXContainerItemProxy section */
		6F567BD91DA297A4009AA6ED /* PBXContainerItemProxy */ = {
			isa = PBXContainerItemProxy;
			containerPortal = 6F567BD41DA297A4009AA6ED /* SKStyleKit.xcodeproj */;
			proxyType = 2;
			remoteGlobalIDString = 87A501261D9F9A00007CA1EC;
			remoteInfo = SKStyleKit;
		};
		6F567BDB1DA297A4009AA6ED /* PBXContainerItemProxy */ = {
			isa = PBXContainerItemProxy;
			containerPortal = 6F567BD41DA297A4009AA6ED /* SKStyleKit.xcodeproj */;
			proxyType = 2;
			remoteGlobalIDString = 87A5012F1D9F9A00007CA1EC;
			remoteInfo = SKStyleKitTests;
		};
		6F567BDF1DA297AD009AA6ED /* PBXContainerItemProxy */ = {
			isa = PBXContainerItemProxy;
			containerPortal = 6F567BD41DA297A4009AA6ED /* SKStyleKit.xcodeproj */;
			proxyType = 1;
			remoteGlobalIDString = 87A501251D9F9A00007CA1EC;
			remoteInfo = SKStyleKit;
		};
/* End PBXContainerItemProxy section */

/* Begin PBXCopyFilesBuildPhase section */
		87338F8C1D9FB89000D06BF7 /* Embed Frameworks */ = {
			isa = PBXCopyFilesBuildPhase;
			buildActionMask = 2147483647;
			dstPath = "";
			dstSubfolderSpec = 10;
			files = (
				6F567BDE1DA297AD009AA6ED /* SKStyleKit.framework in Embed Frameworks */,
			);
			name = "Embed Frameworks";
			runOnlyForDeploymentPostprocessing = 0;
		};
/* End PBXCopyFilesBuildPhase section */

/* Begin PBXFileReference section */
		6F567BD41DA297A4009AA6ED /* SKStyleKit.xcodeproj */ = {isa = PBXFileReference; lastKnownFileType = "wrapper.pb-project"; name = SKStyleKit.xcodeproj; path = ../SKStyleKit.xcodeproj; sourceTree = "<group>"; };
		87338F931D9FC6E700D06BF7 /* style.json */ = {isa = PBXFileReference; fileEncoding = 4; lastKnownFileType = text.json; path = style.json; sourceTree = "<group>"; };
		87A501EC1D9FA48F007CA1EC /* StyleKitDemo.app */ = {isa = PBXFileReference; explicitFileType = wrapper.application; includeInIndex = 0; path = StyleKitDemo.app; sourceTree = BUILT_PRODUCTS_DIR; };
		87A501EF1D9FA48F007CA1EC /* AppDelegate.swift */ = {isa = PBXFileReference; lastKnownFileType = sourcecode.swift; path = AppDelegate.swift; sourceTree = "<group>"; };
		87A501F11D9FA48F007CA1EC /* ViewController.swift */ = {isa = PBXFileReference; lastKnownFileType = sourcecode.swift; path = ViewController.swift; sourceTree = "<group>"; };
		87A501F41D9FA48F007CA1EC /* Base */ = {isa = PBXFileReference; lastKnownFileType = file.storyboard; name = Base; path = Base.lproj/Main.storyboard; sourceTree = "<group>"; };
		87A501F61D9FA48F007CA1EC /* Assets.xcassets */ = {isa = PBXFileReference; lastKnownFileType = folder.assetcatalog; path = Assets.xcassets; sourceTree = "<group>"; };
		87A501F91D9FA48F007CA1EC /* Base */ = {isa = PBXFileReference; lastKnownFileType = file.storyboard; name = Base; path = Base.lproj/LaunchScreen.storyboard; sourceTree = "<group>"; };
		87A501FB1D9FA48F007CA1EC /* Info.plist */ = {isa = PBXFileReference; lastKnownFileType = text.plist.xml; path = Info.plist; sourceTree = "<group>"; };
/* End PBXFileReference section */

/* Begin PBXFrameworksBuildPhase section */
		87A501E91D9FA48F007CA1EC /* Frameworks */ = {
			isa = PBXFrameworksBuildPhase;
			buildActionMask = 2147483647;
			files = (
				6F567BDD1DA297AD009AA6ED /* SKStyleKit.framework in Frameworks */,
			);
			runOnlyForDeploymentPostprocessing = 0;
		};
/* End PBXFrameworksBuildPhase section */

/* Begin PBXGroup section */
		6F567BD51DA297A4009AA6ED /* Products */ = {
			isa = PBXGroup;
			children = (
				6F567BDA1DA297A4009AA6ED /* SKStyleKit.framework */,
				6F567BDC1DA297A4009AA6ED /* SKStyleKitTests.xctest */,
			);
			name = Products;
			sourceTree = "<group>";
		};
		87A501E31D9FA48F007CA1EC = {
			isa = PBXGroup;
			children = (
				6F567BD41DA297A4009AA6ED /* SKStyleKit.xcodeproj */,
				87A501EE1D9FA48F007CA1EC /* StyleKitDemo */,
				87A501ED1D9FA48F007CA1EC /* Products */,
				87A502151D9FA7C7007CA1EC /* Frameworks */,
			);
			sourceTree = "<group>";
		};
		87A501ED1D9FA48F007CA1EC /* Products */ = {
			isa = PBXGroup;
			children = (
				87A501EC1D9FA48F007CA1EC /* StyleKitDemo.app */,
			);
			name = Products;
			sourceTree = "<group>";
		};
		87A501EE1D9FA48F007CA1EC /* StyleKitDemo */ = {
			isa = PBXGroup;
			children = (
				87A501EF1D9FA48F007CA1EC /* AppDelegate.swift */,
				87A501F11D9FA48F007CA1EC /* ViewController.swift */,
				87A501F31D9FA48F007CA1EC /* Main.storyboard */,
				87A501F61D9FA48F007CA1EC /* Assets.xcassets */,
				87A501F81D9FA48F007CA1EC /* LaunchScreen.storyboard */,
				87A501FB1D9FA48F007CA1EC /* Info.plist */,
				87338F931D9FC6E700D06BF7 /* style.json */,
			);
			path = StyleKitDemo;
			sourceTree = "<group>";
		};
		87A502151D9FA7C7007CA1EC /* Frameworks */ = {
			isa = PBXGroup;
			children = (
			);
			name = Frameworks;
			sourceTree = "<group>";
		};
/* End PBXGroup section */

/* Begin PBXNativeTarget section */
		87A501EB1D9FA48F007CA1EC /* StyleKitDemo */ = {
			isa = PBXNativeTarget;
			buildConfigurationList = 87A501FE1D9FA48F007CA1EC /* Build configuration list for PBXNativeTarget "StyleKitDemo" */;
			buildPhases = (
				87A501E81D9FA48F007CA1EC /* Sources */,
				87A501E91D9FA48F007CA1EC /* Frameworks */,
				87A501EA1D9FA48F007CA1EC /* Resources */,
				87338F8C1D9FB89000D06BF7 /* Embed Frameworks */,
			);
			buildRules = (
			);
			dependencies = (
				6F567BE01DA297AD009AA6ED /* PBXTargetDependency */,
			);
			name = StyleKitDemo;
			productName = StyleKitDemo;
			productReference = 87A501EC1D9FA48F007CA1EC /* StyleKitDemo.app */;
			productType = "com.apple.product-type.application";
		};
/* End PBXNativeTarget section */

/* Begin PBXProject section */
		87A501E41D9FA48F007CA1EC /* Project object */ = {
			isa = PBXProject;
			attributes = {
				LastSwiftUpdateCheck = 0800;
				LastUpgradeCheck = 0810;
				ORGANIZATIONNAME = mmotylev;
				TargetAttributes = {
					87A501EB1D9FA48F007CA1EC = {
						CreatedOnToolsVersion = 8.0;
						DevelopmentTeam = 5PHGGKL9UQ;
						ProvisioningStyle = Automatic;
					};
				};
			};
			buildConfigurationList = 87A501E71D9FA48F007CA1EC /* Build configuration list for PBXProject "StyleKitDemo" */;
			compatibilityVersion = "Xcode 3.2";
			developmentRegion = English;
			hasScannedForEncodings = 0;
			knownRegions = (
				en,
				Base,
			);
			mainGroup = 87A501E31D9FA48F007CA1EC;
			productRefGroup = 87A501ED1D9FA48F007CA1EC /* Products */;
			projectDirPath = "";
			projectReferences = (
				{
					ProductGroup = 6F567BD51DA297A4009AA6ED /* Products */;
					ProjectRef = 6F567BD41DA297A4009AA6ED /* SKStyleKit.xcodeproj */;
				},
			);
			projectRoot = "";
			targets = (
				87A501EB1D9FA48F007CA1EC /* StyleKitDemo */,
			);
		};
/* End PBXProject section */

/* Begin PBXReferenceProxy section */
		6F567BDA1DA297A4009AA6ED /* SKStyleKit.framework */ = {
			isa = PBXReferenceProxy;
			fileType = wrapper.framework;
			path = SKStyleKit.framework;
			remoteRef = 6F567BD91DA297A4009AA6ED /* PBXContainerItemProxy */;
			sourceTree = BUILT_PRODUCTS_DIR;
		};
		6F567BDC1DA297A4009AA6ED /* SKStyleKitTests.xctest */ = {
			isa = PBXReferenceProxy;
			fileType = wrapper.cfbundle;
			path = SKStyleKitTests.xctest;
			remoteRef = 6F567BDB1DA297A4009AA6ED /* PBXContainerItemProxy */;
			sourceTree = BUILT_PRODUCTS_DIR;
		};
/* End PBXReferenceProxy section */

/* Begin PBXResourcesBuildPhase section */
		87A501EA1D9FA48F007CA1EC /* Resources */ = {
			isa = PBXResourcesBuildPhase;
			buildActionMask = 2147483647;
			files = (
				87A501FA1D9FA48F007CA1EC /* LaunchScreen.storyboard in Resources */,
				87A501F71D9FA48F007CA1EC /* Assets.xcassets in Resources */,
				87A501F51D9FA48F007CA1EC /* Main.storyboard in Resources */,
				87338F941D9FC6E700D06BF7 /* style.json in Resources */,
			);
			runOnlyForDeploymentPostprocessing = 0;
		};
/* End PBXResourcesBuildPhase section */

/* Begin PBXSourcesBuildPhase section */
		87A501E81D9FA48F007CA1EC /* Sources */ = {
			isa = PBXSourcesBuildPhase;
			buildActionMask = 2147483647;
			files = (
				87A501F21D9FA48F007CA1EC /* ViewController.swift in Sources */,
				87A501F01D9FA48F007CA1EC /* AppDelegate.swift in Sources */,
			);
			runOnlyForDeploymentPostprocessing = 0;
		};
/* End PBXSourcesBuildPhase section */

/* Begin PBXTargetDependency section */
		6F567BE01DA297AD009AA6ED /* PBXTargetDependency */ = {
			isa = PBXTargetDependency;
			name = SKStyleKit;
			targetProxy = 6F567BDF1DA297AD009AA6ED /* PBXContainerItemProxy */;
		};
/* End PBXTargetDependency section */

/* Begin PBXVariantGroup section */
		87A501F31D9FA48F007CA1EC /* Main.storyboard */ = {
			isa = PBXVariantGroup;
			children = (
				87A501F41D9FA48F007CA1EC /* Base */,
			);
			name = Main.storyboard;
			sourceTree = "<group>";
		};
		87A501F81D9FA48F007CA1EC /* LaunchScreen.storyboard */ = {
			isa = PBXVariantGroup;
			children = (
				87A501F91D9FA48F007CA1EC /* Base */,
			);
			name = LaunchScreen.storyboard;
			sourceTree = "<group>";
		};
/* End PBXVariantGroup section */

/* Begin XCBuildConfiguration section */
		87A501FC1D9FA48F007CA1EC /* Debug */ = {
			isa = XCBuildConfiguration;
			buildSettings = {
				ALWAYS_SEARCH_USER_PATHS = NO;
				CLANG_ANALYZER_NONNULL = YES;
				CLANG_CXX_LANGUAGE_STANDARD = "gnu++0x";
				CLANG_CXX_LIBRARY = "libc++";
				CLANG_ENABLE_MODULES = YES;
				CLANG_ENABLE_OBJC_ARC = YES;
				CLANG_WARN_BOOL_CONVERSION = YES;
				CLANG_WARN_CONSTANT_CONVERSION = YES;
				CLANG_WARN_DIRECT_OBJC_ISA_USAGE = YES_ERROR;
				CLANG_WARN_DOCUMENTATION_COMMENTS = YES;
				CLANG_WARN_EMPTY_BODY = YES;
				CLANG_WARN_ENUM_CONVERSION = YES;
				CLANG_WARN_INFINITE_RECURSION = YES;
				CLANG_WARN_INT_CONVERSION = YES;
				CLANG_WARN_OBJC_ROOT_CLASS = YES_ERROR;
				CLANG_WARN_SUSPICIOUS_MOVE = YES;
				CLANG_WARN_SUSPICIOUS_MOVES = YES;
				CLANG_WARN_UNREACHABLE_CODE = YES;
				CLANG_WARN__DUPLICATE_METHOD_MATCH = YES;
				"CODE_SIGN_IDENTITY[sdk=iphoneos*]" = "iPhone Developer";
				COPY_PHASE_STRIP = NO;
				DEBUG_INFORMATION_FORMAT = dwarf;
				ENABLE_STRICT_OBJC_MSGSEND = YES;
				ENABLE_TESTABILITY = YES;
				GCC_C_LANGUAGE_STANDARD = gnu99;
				GCC_DYNAMIC_NO_PIC = NO;
				GCC_NO_COMMON_BLOCKS = YES;
				GCC_OPTIMIZATION_LEVEL = 0;
				GCC_PREPROCESSOR_DEFINITIONS = (
					"DEBUG=1",
					"$(inherited)",
				);
				GCC_WARN_64_TO_32_BIT_CONVERSION = YES;
				GCC_WARN_ABOUT_RETURN_TYPE = YES_ERROR;
				GCC_WARN_UNDECLARED_SELECTOR = YES;
				GCC_WARN_UNINITIALIZED_AUTOS = YES_AGGRESSIVE;
				GCC_WARN_UNUSED_FUNCTION = YES;
				GCC_WARN_UNUSED_VARIABLE = YES;
				IPHONEOS_DEPLOYMENT_TARGET = 10.0;
				MTL_ENABLE_DEBUG_INFO = YES;
				ONLY_ACTIVE_ARCH = YES;
				SDKROOT = iphoneos;
				SWIFT_ACTIVE_COMPILATION_CONDITIONS = DEBUG;
				SWIFT_OPTIMIZATION_LEVEL = "-Onone";
				TARGETED_DEVICE_FAMILY = "1,2";
			};
			name = Debug;
		};
		87A501FD1D9FA48F007CA1EC /* Release */ = {
			isa = XCBuildConfiguration;
			buildSettings = {
				ALWAYS_SEARCH_USER_PATHS = NO;
				CLANG_ANALYZER_NONNULL = YES;
				CLANG_CXX_LANGUAGE_STANDARD = "gnu++0x";
				CLANG_CXX_LIBRARY = "libc++";
				CLANG_ENABLE_MODULES = YES;
				CLANG_ENABLE_OBJC_ARC = YES;
				CLANG_WARN_BOOL_CONVERSION = YES;
				CLANG_WARN_CONSTANT_CONVERSION = YES;
				CLANG_WARN_DIRECT_OBJC_ISA_USAGE = YES_ERROR;
				CLANG_WARN_DOCUMENTATION_COMMENTS = YES;
				CLANG_WARN_EMPTY_BODY = YES;
				CLANG_WARN_ENUM_CONVERSION = YES;
				CLANG_WARN_INFINITE_RECURSION = YES;
				CLANG_WARN_INT_CONVERSION = YES;
				CLANG_WARN_OBJC_ROOT_CLASS = YES_ERROR;
				CLANG_WARN_SUSPICIOUS_MOVE = YES;
				CLANG_WARN_SUSPICIOUS_MOVES = YES;
				CLANG_WARN_UNREACHABLE_CODE = YES;
				CLANG_WARN__DUPLICATE_METHOD_MATCH = YES;
				"CODE_SIGN_IDENTITY[sdk=iphoneos*]" = "iPhone Developer";
				COPY_PHASE_STRIP = NO;
				DEBUG_INFORMATION_FORMAT = "dwarf-with-dsym";
				ENABLE_NS_ASSERTIONS = NO;
				ENABLE_STRICT_OBJC_MSGSEND = YES;
				GCC_C_LANGUAGE_STANDARD = gnu99;
				GCC_NO_COMMON_BLOCKS = YES;
				GCC_WARN_64_TO_32_BIT_CONVERSION = YES;
				GCC_WARN_ABOUT_RETURN_TYPE = YES_ERROR;
				GCC_WARN_UNDECLARED_SELECTOR = YES;
				GCC_WARN_UNINITIALIZED_AUTOS = YES_AGGRESSIVE;
				GCC_WARN_UNUSED_FUNCTION = YES;
				GCC_WARN_UNUSED_VARIABLE = YES;
				IPHONEOS_DEPLOYMENT_TARGET = 10.0;
				MTL_ENABLE_DEBUG_INFO = NO;
				SDKROOT = iphoneos;
				SWIFT_OPTIMIZATION_LEVEL = "-Owholemodule";
				TARGETED_DEVICE_FAMILY = "1,2";
				VALIDATE_PRODUCT = YES;
			};
			name = Release;
		};
		87A501FF1D9FA48F007CA1EC /* Debug */ = {
			isa = XCBuildConfiguration;
			buildSettings = {
				ALWAYS_EMBED_SWIFT_STANDARD_LIBRARIES = YES;
				ASSETCATALOG_COMPILER_APPICON_NAME = AppIcon;
				DEVELOPMENT_TEAM = 5PHGGKL9UQ;
				INFOPLIST_FILE = StyleKitDemo/Info.plist;
				LD_RUNPATH_SEARCH_PATHS = "$(inherited) @executable_path/Frameworks";
				PRODUCT_BUNDLE_IDENTIFIER = com.stylekit.StyleKitDemo;
				PRODUCT_NAME = "$(TARGET_NAME)";
				SWIFT_VERSION = 3.0;
			};
			name = Debug;
		};
		87A502001D9FA48F007CA1EC /* Release */ = {
			isa = XCBuildConfiguration;
			buildSettings = {
				ALWAYS_EMBED_SWIFT_STANDARD_LIBRARIES = YES;
				ASSETCATALOG_COMPILER_APPICON_NAME = AppIcon;
				DEVELOPMENT_TEAM = 5PHGGKL9UQ;
				INFOPLIST_FILE = StyleKitDemo/Info.plist;
				LD_RUNPATH_SEARCH_PATHS = "$(inherited) @executable_path/Frameworks";
				PRODUCT_BUNDLE_IDENTIFIER = com.stylekit.StyleKitDemo;
				PRODUCT_NAME = "$(TARGET_NAME)";
				SWIFT_VERSION = 3.0;
			};
			name = Release;
		};
/* End XCBuildConfiguration section */

/* Begin XCConfigurationList section */
		87A501E71D9FA48F007CA1EC /* Build configuration list for PBXProject "StyleKitDemo" */ = {
			isa = XCConfigurationList;
			buildConfigurations = (
				87A501FC1D9FA48F007CA1EC /* Debug */,
				87A501FD1D9FA48F007CA1EC /* Release */,
			);
			defaultConfigurationIsVisible = 0;
			defaultConfigurationName = Release;
		};
		87A501FE1D9FA48F007CA1EC /* Build configuration list for PBXNativeTarget "StyleKitDemo" */ = {
			isa = XCConfigurationList;
			buildConfigurations = (
				87A501FF1D9FA48F007CA1EC /* Debug */,
				87A502001D9FA48F007CA1EC /* Release */,
			);
			defaultConfigurationIsVisible = 0;
			defaultConfigurationName = Release;
		};
/* End XCConfigurationList section */
	};
	rootObject = 87A501E41D9FA48F007CA1EC /* Project object */;
}
